
Microsoft Visual Studio Solution File, Format Version 12.00
# Visual Studio Version 16
VisualStudioVersion = 16.0.29728.190
MinimumVisualStudioVersion = 10.0.40219.1
Project("{FAE04EC0-301F-11D3-BF4B-00C04F79EFBC}") = "DBapp", "DBapp\DBapp.csproj", "{388A7E49-931C-4A20-805D-35DB243E4F78}"
EndProject
Project("{FAE04EC0-301F-11D3-BF4B-00C04F79EFBC}") = "GamificationAppUnitTest", "GamificationAppUnitTest\GamificationAppUnitTest.csproj", "{54F47332-9105-43E3-B447-4CF30819CAEE}"
EndProject
Project("{FAE04EC0-301F-11D3-BF4B-00C04F79EFBC}") = "P6Test", "..\P6Test-master\P6Test\P6Test.csproj", "{931A93C4-7CC6-43CE-A45A-63D22D01377A}"
EndProject
Global
	GlobalSection(SolutionConfigurationPlatforms) = preSolution
		Debug|Any CPU = Debug|Any CPU
		Release|Any CPU = Release|Any CPU
	EndGlobalSection
	GlobalSection(ProjectConfigurationPlatforms) = postSolution
		{388A7E49-931C-4A20-805D-35DB243E4F78}.Debug|Any CPU.ActiveCfg = Debug|Any CPU
		{388A7E49-931C-4A20-805D-35DB243E4F78}.Debug|Any CPU.Build.0 = Debug|Any CPU
		{388A7E49-931C-4A20-805D-35DB243E4F78}.Debug|Any CPU.Deploy.0 = Debug|Any CPU
		{388A7E49-931C-4A20-805D-35DB243E4F78}.Release|Any CPU.ActiveCfg = Release|Any CPU
		{388A7E49-931C-4A20-805D-35DB243E4F78}.Release|Any CPU.Build.0 = Release|Any CPU
		{388A7E49-931C-4A20-805D-35DB243E4F78}.Release|Any CPU.Deploy.0 = Release|Any CPU
		{54F47332-9105-43E3-B447-4CF30819CAEE}.Debug|Any CPU.ActiveCfg = Debug|Any CPU
		{54F47332-9105-43E3-B447-4CF30819CAEE}.Debug|Any CPU.Build.0 = Debug|Any CPU
		{54F47332-9105-43E3-B447-4CF30819CAEE}.Release|Any CPU.ActiveCfg = Release|Any CPU
		{54F47332-9105-43E3-B447-4CF30819CAEE}.Release|Any CPU.Build.0 = Release|Any CPU
		{931A93C4-7CC6-43CE-A45A-63D22D01377A}.Debug|Any CPU.ActiveCfg = Debug|Any CPU
		{931A93C4-7CC6-43CE-A45A-63D22D01377A}.Debug|Any CPU.Build.0 = Debug|Any CPU
		{931A93C4-7CC6-43CE-A45A-63D22D01377A}.Debug|Any CPU.Deploy.0 = Debug|Any CPU
		{931A93C4-7CC6-43CE-A45A-63D22D01377A}.Release|Any CPU.ActiveCfg = Release|Any CPU
		{931A93C4-7CC6-43CE-A45A-63D22D01377A}.Release|Any CPU.Build.0 = Release|Any CPU
		{931A93C4-7CC6-43CE-A45A-63D22D01377A}.Release|Any CPU.Deploy.0 = Release|Any CPU
	EndGlobalSection
	GlobalSection(SolutionProperties) = preSolution
		HideSolutionNode = FALSE
	EndGlobalSection
	GlobalSection(ExtensibilityGlobals) = postSolution
		SolutionGuid = {527AE6DF-0DFB-4558-A917-7C35CAF155D8}
	EndGlobalSection
EndGlobal
